
Microsoft Visual Studio Solution File, Format Version 12.00
# Visual Studio Version 16
VisualStudioVersion = 16.0.31624.102
MinimumVisualStudioVersion = 10.0.40219.1
Project("{FAE04EC0-301F-11D3-BF4B-00C04F79EFBC}") = "Cortez", "Cortez\Cortez.csproj", "{3350DEE7-ED01-447E-8487-3892BE2B9753}"
EndProject
Global
	GlobalSection(SolutionConfigurationPlatforms) = preSolution
		Debug|Any CPU = Debug|Any CPU
		Release|Any CPU = Release|Any CPU
	EndGlobalSection
	GlobalSection(ProjectConfigurationPlatforms) = postSolution
		{3350DEE7-ED01-447E-8487-3892BE2B9753}.Debug|Any CPU.ActiveCfg = Debug|Any CPU
		{3350DEE7-ED01-447E-8487-3892BE2B9753}.Debug|Any CPU.Build.0 = Debug|Any CPU
		{3350DEE7-ED01-447E-8487-3892BE2B9753}.Release|Any CPU.ActiveCfg = Release|Any CPU
		{3350DEE7-ED01-447E-8487-3892BE2B9753}.Release|Any CPU.Build.0 = Release|Any CPU
	EndGlobalSection
	GlobalSection(SolutionProperties) = preSolution
		HideSolutionNode = FALSE
	EndGlobalSection
	GlobalSection(ExtensibilityGlobals) = postSolution
		SolutionGuid = {2D105129-08CD-4D6E-BDC9-7159E942F544}
	EndGlobalSection
EndGlobal
